
Microsoft Visual Studio Solution File, Format Version 12.00
# Visual Studio Version 16
VisualStudioVersion = 16.0.31702.278
MinimumVisualStudioVersion = 10.0.40219.1
Project("{FAE04EC0-301F-11D3-BF4B-00C04F79EFBC}") = "appClassHerenciaCS_Consola", "appClassHerenciaCS_Consola\appClassHerenciaCS_Consola.csproj", "{D977D7B0-2F62-460D-9E49-A7AA8778D5EC}"
EndProject
Global
	GlobalSection(SolutionConfigurationPlatforms) = preSolution
		Debug|Any CPU = Debug|Any CPU
		Release|Any CPU = Release|Any CPU
	EndGlobalSection
	GlobalSection(ProjectConfigurationPlatforms) = postSolution
		{D977D7B0-2F62-460D-9E49-A7AA8778D5EC}.Debug|Any CPU.ActiveCfg = Debug|Any CPU
		{D977D7B0-2F62-460D-9E49-A7AA8778D5EC}.Debug|Any CPU.Build.0 = Debug|Any CPU
		{D977D7B0-2F62-460D-9E49-A7AA8778D5EC}.Release|Any CPU.ActiveCfg = Release|Any CPU
		{D977D7B0-2F62-460D-9E49-A7AA8778D5EC}.Release|Any CPU.Build.0 = Release|Any CPU
	EndGlobalSection
	GlobalSection(SolutionProperties) = preSolution
		HideSolutionNode = FALSE
	EndGlobalSection
	GlobalSection(ExtensibilityGlobals) = postSolution
		SolutionGuid = {3642195C-ACA1-41C3-8C59-D29E4F6C085B}
	EndGlobalSection
EndGlobal
